
Microsoft Visual Studio Solution File, Format Version 12.00
Project("{FAE04EC0-301F-11D3-BF4B-00C04F79EFBC}") = "PixelFishing", "PixelFishing\PixelFishing.csproj", "{B4F44209-ECE8-4587-A2BC-F0DDDD8D5015}"
EndProject
Global
	GlobalSection(SolutionConfigurationPlatforms) = preSolution
		Debug|Any CPU = Debug|Any CPU
		Release|Any CPU = Release|Any CPU
	EndGlobalSection
	GlobalSection(ProjectConfigurationPlatforms) = postSolution
		{B4F44209-ECE8-4587-A2BC-F0DDDD8D5015}.Debug|Any CPU.ActiveCfg = Debug|Any CPU
		{B4F44209-ECE8-4587-A2BC-F0DDDD8D5015}.Debug|Any CPU.Build.0 = Debug|Any CPU
		{B4F44209-ECE8-4587-A2BC-F0DDDD8D5015}.Release|Any CPU.ActiveCfg = Release|Any CPU
		{B4F44209-ECE8-4587-A2BC-F0DDDD8D5015}.Release|Any CPU.Build.0 = Release|Any CPU
	EndGlobalSection
EndGlobal
